
Microsoft Visual Studio Solution File, Format Version 12.00
# Visual Studio Version 17
VisualStudioVersion = 17.10.35013.160
MinimumVisualStudioVersion = 10.0.40219.1
Project("{9A19103F-16F7-4668-BE54-9A1E7A4F7556}") = "MindHub.API", "MindHub\MindHub.API.csproj", "{A9C652E4-DB90-43DE-B1B5-82E062E0959D}"
	ProjectSection(ProjectDependencies) = postProject
		{08D99163-B7AB-421E-91B2-99C0E6E62206} = {08D99163-B7AB-421E-91B2-99C0E6E62206}
		{1E8AD1E2-8111-4E03-B46D-51E9D47BC977} = {1E8AD1E2-8111-4E03-B46D-51E9D47BC977}
		{4DAE363A-843B-4A47-BD4D-66863C04E10E} = {4DAE363A-843B-4A47-BD4D-66863C04E10E}
		{58E064A4-2959-4DA5-B3E8-84C2BCD8DAA0} = {58E064A4-2959-4DA5-B3E8-84C2BCD8DAA0}
	EndProjectSection
EndProject
Project("{2150E333-8FDC-42A3-9474-1A3956D46DE8}") = "Services", "Services", "{2BA92BE8-4E8E-41DA-83C6-BF7DD2429F3C}"
EndProject
Project("{9A19103F-16F7-4668-BE54-9A1E7A4F7556}") = "MindHub.Services", "MindHub.Services\MindHub.Services.csproj", "{4DAE363A-843B-4A47-BD4D-66863C04E10E}"
	ProjectSection(ProjectDependencies) = postProject
		{08D99163-B7AB-421E-91B2-99C0E6E62206} = {08D99163-B7AB-421E-91B2-99C0E6E62206}
		{1E8AD1E2-8111-4E03-B46D-51E9D47BC977} = {1E8AD1E2-8111-4E03-B46D-51E9D47BC977}
		{58E064A4-2959-4DA5-B3E8-84C2BCD8DAA0} = {58E064A4-2959-4DA5-B3E8-84C2BCD8DAA0}
	EndProjectSection
EndProject
Project("{2150E333-8FDC-42A3-9474-1A3956D46DE8}") = "Common", "Common", "{661D443D-776C-4405-9F01-A5B828CC7E95}"
EndProject
Project("{2150E333-8FDC-42A3-9474-1A3956D46DE8}") = "Domain", "Domain", "{9A137401-DCDD-4398-9688-8BCAFB35991A}"
EndProject
Project("{2150E333-8FDC-42A3-9474-1A3956D46DE8}") = "Tests", "Tests", "{554FC4E4-1474-4B3D-A7DE-61A2C6FCC6DE}"
EndProject
Project("{2150E333-8FDC-42A3-9474-1A3956D46DE8}") = "API", "API", "{F1DADDB6-C75A-409B-8526-383D63F372EA}"
EndProject
Project("{9A19103F-16F7-4668-BE54-9A1E7A4F7556}") = "MindHub.Common", "MindHub.Common\MindHub.Common.csproj", "{1E8AD1E2-8111-4E03-B46D-51E9D47BC977}"
EndProject
Project("{9A19103F-16F7-4668-BE54-9A1E7A4F7556}") = "MindHub.DAL", "MindHub.DAL\MindHub.DAL.csproj", "{58E064A4-2959-4DA5-B3E8-84C2BCD8DAA0}"
	ProjectSection(ProjectDependencies) = postProject
		{08D99163-B7AB-421E-91B2-99C0E6E62206} = {08D99163-B7AB-421E-91B2-99C0E6E62206}
		{1E8AD1E2-8111-4E03-B46D-51E9D47BC977} = {1E8AD1E2-8111-4E03-B46D-51E9D47BC977}
	EndProjectSection
EndProject
Project("{9A19103F-16F7-4668-BE54-9A1E7A4F7556}") = "MindHub.Domain", "MindHub.Domain\MindHub.Domain.csproj", "{08D99163-B7AB-421E-91B2-99C0E6E62206}"
EndProject
Project("{9A19103F-16F7-4668-BE54-9A1E7A4F7556}") = "MindHub.Tests", "MindHub.Tests\MindHub.Tests.csproj", "{B1E1E8E2-11FF-4F8E-8D62-74ACD4AC081B}"
	ProjectSection(ProjectDependencies) = postProject
		{08D99163-B7AB-421E-91B2-99C0E6E62206} = {08D99163-B7AB-421E-91B2-99C0E6E62206}
		{1E8AD1E2-8111-4E03-B46D-51E9D47BC977} = {1E8AD1E2-8111-4E03-B46D-51E9D47BC977}
		{4DAE363A-843B-4A47-BD4D-66863C04E10E} = {4DAE363A-843B-4A47-BD4D-66863C04E10E}
		{58E064A4-2959-4DA5-B3E8-84C2BCD8DAA0} = {58E064A4-2959-4DA5-B3E8-84C2BCD8DAA0}
	EndProjectSection
EndProject
Project("{E53339B2-1760-4266-BCC7-CA923CBCF16C}") = "docker-compose", "docker-compose.dcproj", "{17D2A75C-E1CB-42B9-B7FC-AC9A4B60C513}"
EndProject
Global
	GlobalSection(SolutionConfigurationPlatforms) = preSolution
		Debug|Any CPU = Debug|Any CPU
		Release|Any CPU = Release|Any CPU
	EndGlobalSection
	GlobalSection(ProjectConfigurationPlatforms) = postSolution
		{A9C652E4-DB90-43DE-B1B5-82E062E0959D}.Debug|Any CPU.ActiveCfg = Debug|Any CPU
		{A9C652E4-DB90-43DE-B1B5-82E062E0959D}.Debug|Any CPU.Build.0 = Debug|Any CPU
		{A9C652E4-DB90-43DE-B1B5-82E062E0959D}.Release|Any CPU.ActiveCfg = Release|Any CPU
		{A9C652E4-DB90-43DE-B1B5-82E062E0959D}.Release|Any CPU.Build.0 = Release|Any CPU
		{4DAE363A-843B-4A47-BD4D-66863C04E10E}.Debug|Any CPU.ActiveCfg = Debug|Any CPU
		{4DAE363A-843B-4A47-BD4D-66863C04E10E}.Debug|Any CPU.Build.0 = Debug|Any CPU
		{4DAE363A-843B-4A47-BD4D-66863C04E10E}.Release|Any CPU.ActiveCfg = Release|Any CPU
		{4DAE363A-843B-4A47-BD4D-66863C04E10E}.Release|Any CPU.Build.0 = Release|Any CPU
		{1E8AD1E2-8111-4E03-B46D-51E9D47BC977}.Debug|Any CPU.ActiveCfg = Debug|Any CPU
		{1E8AD1E2-8111-4E03-B46D-51E9D47BC977}.Debug|Any CPU.Build.0 = Debug|Any CPU
		{1E8AD1E2-8111-4E03-B46D-51E9D47BC977}.Release|Any CPU.ActiveCfg = Release|Any CPU
		{1E8AD1E2-8111-4E03-B46D-51E9D47BC977}.Release|Any CPU.Build.0 = Release|Any CPU
		{58E064A4-2959-4DA5-B3E8-84C2BCD8DAA0}.Debug|Any CPU.ActiveCfg = Debug|Any CPU
		{58E064A4-2959-4DA5-B3E8-84C2BCD8DAA0}.Debug|Any CPU.Build.0 = Debug|Any CPU
		{58E064A4-2959-4DA5-B3E8-84C2BCD8DAA0}.Release|Any CPU.ActiveCfg = Release|Any CPU
		{58E064A4-2959-4DA5-B3E8-84C2BCD8DAA0}.Release|Any CPU.Build.0 = Release|Any CPU
		{08D99163-B7AB-421E-91B2-99C0E6E62206}.Debug|Any CPU.ActiveCfg = Debug|Any CPU
		{08D99163-B7AB-421E-91B2-99C0E6E62206}.Debug|Any CPU.Build.0 = Debug|Any CPU
		{08D99163-B7AB-421E-91B2-99C0E6E62206}.Release|Any CPU.ActiveCfg = Release|Any CPU
		{08D99163-B7AB-421E-91B2-99C0E6E62206}.Release|Any CPU.Build.0 = Release|Any CPU
		{B1E1E8E2-11FF-4F8E-8D62-74ACD4AC081B}.Debug|Any CPU.ActiveCfg = Debug|Any CPU
		{B1E1E8E2-11FF-4F8E-8D62-74ACD4AC081B}.Debug|Any CPU.Build.0 = Debug|Any CPU
		{B1E1E8E2-11FF-4F8E-8D62-74ACD4AC081B}.Release|Any CPU.ActiveCfg = Release|Any CPU
		{B1E1E8E2-11FF-4F8E-8D62-74ACD4AC081B}.Release|Any CPU.Build.0 = Release|Any CPU
		{17D2A75C-E1CB-42B9-B7FC-AC9A4B60C513}.Debug|Any CPU.ActiveCfg = Debug|Any CPU
		{17D2A75C-E1CB-42B9-B7FC-AC9A4B60C513}.Debug|Any CPU.Build.0 = Debug|Any CPU
		{17D2A75C-E1CB-42B9-B7FC-AC9A4B60C513}.Release|Any CPU.ActiveCfg = Release|Any CPU
		{17D2A75C-E1CB-42B9-B7FC-AC9A4B60C513}.Release|Any CPU.Build.0 = Release|Any CPU
	EndGlobalSection
	GlobalSection(SolutionProperties) = preSolution
		HideSolutionNode = FALSE
	EndGlobalSection
	GlobalSection(NestedProjects) = preSolution
		{A9C652E4-DB90-43DE-B1B5-82E062E0959D} = {F1DADDB6-C75A-409B-8526-383D63F372EA}
		{4DAE363A-843B-4A47-BD4D-66863C04E10E} = {2BA92BE8-4E8E-41DA-83C6-BF7DD2429F3C}
		{1E8AD1E2-8111-4E03-B46D-51E9D47BC977} = {661D443D-776C-4405-9F01-A5B828CC7E95}
		{58E064A4-2959-4DA5-B3E8-84C2BCD8DAA0} = {9A137401-DCDD-4398-9688-8BCAFB35991A}
		{08D99163-B7AB-421E-91B2-99C0E6E62206} = {9A137401-DCDD-4398-9688-8BCAFB35991A}
		{B1E1E8E2-11FF-4F8E-8D62-74ACD4AC081B} = {554FC4E4-1474-4B3D-A7DE-61A2C6FCC6DE}
	EndGlobalSection
	GlobalSection(ExtensibilityGlobals) = postSolution
		SolutionGuid = {D8EF67D7-2F93-4916-A1D8-CDFCD0F88BFB}
	EndGlobalSection
EndGlobal
